<?xml version="1.0" encoding="utf-8"?>
<Project ToolsVersion="4.0" xmlns="http://schemas.microsoft.com/developer/msbuild/2003">
  <ItemGroup>
    <Filter Include="Source Files">
      <UniqueIdentifier>{4FC737F1-C7A5-4376-A066-2A32D752A2FF}</UniqueIdentifier>
      <Extensions>cpp;c;cc;cxx;c++;cppm;ixx;def;odl;idl;hpj;bat;asm;asmx</Extensions>
    </Filter>
    <Filter Include="Header Files">
      <UniqueIdentifier>{93995380-89BD-4b04-88EB-625FBE52EBFB}</UniqueIdentifier>
      <Extensions>h;hh;hpp;hxx;h++;hm;inl;inc;ipp;xsd</Extensions>
    </Filter>
    <Filter Include="Resource Files">
      <UniqueIdentifier>{67DA6AB6-F800-4c08-8B7A-83BB121AAD01}</UniqueIdentifier>
      <Extensions>rc;ico;cur;bmp;dlg;rc2;rct;bin;rgs;gif;jpg;jpeg;jpe;resx;tiff;tif;png;wav;mfcribbon-ms</Extensions>
    </Filter>
    <Filter Include="Renderer">
      <UniqueIdentifier>{46b1a132-90b1-44a5-b002-6fa18a7aa748}</UniqueIdentifier>
    </Filter>
    <Filter Include="Materials">
      <UniqueIdentifier>{0df94b7b-b3b7-4862-95a6-2529dfab6269}</UniqueIdentifier>
    </Filter>
    <Filter Include="Utility">
      <UniqueIdentifier>{1fea0a14-0bd0-4f49-ae05-25066c91f171}</UniqueIdentifier>
    </Filter>
    <Filter Include="Shapes">
      <UniqueIdentifier>{2da67c72-831f-4c3a-b035-447b444f7b40}</UniqueIdentifier>
    </Filter>
    <Filter Include="Math">
      <UniqueIdentifier>{33bacb49-a9cd-4484-b6e1-131acceba03a}</UniqueIdentifier>
    </Filter>
    <Filter Include="Textures">
      <UniqueIdentifier>{4c047fec-1d4d-4a5a-bc79-1ac565e0cd4f}</UniqueIdentifier>
    </Filter>
  </ItemGroup>
  <ItemGroup>
    <ClCompile Include="Program.cpp">
      <Filter>Source Files</Filter>
    </ClCompile>
    <ClCompile Include="Scenes.cpp">
      <Filter>Source Files</Filter>
    </ClCompile>
  </ItemGroup>
  <ItemGroup>
    <ClInclude Include="Headers\ShingekiNoTracer.h">
      <Filter>Header Files</Filter>
    </ClInclude>
    <ClInclude Include="Headers\Renderer\Camera.h">
      <Filter>Renderer</Filter>
    </ClInclude>
    <ClInclude Include="Headers\Renderer\Hittable.h">
      <Filter>Renderer</Filter>
    </ClInclude>
    <ClInclude Include="Headers\Renderer\HittableList.h">
      <Filter>Renderer</Filter>
    </ClInclude>
    <ClInclude Include="Headers\Renderer\Image.h">
      <Filter>Renderer</Filter>
    </ClInclude>
    <ClInclude Include="Headers\Renderer\PixelBuffer.h">
      <Filter>Renderer</Filter>
    </ClInclude>
    <ClInclude Include="Headers\Renderer\Ray.h">
      <Filter>Renderer</Filter>
    </ClInclude>
    <ClInclude Include="Headers\Materials\Material.h">
      <Filter>Materials</Filter>
    </ClInclude>
    <ClInclude Include="Headers\Materials\Lambertian.h">
      <Filter>Materials</Filter>
    </ClInclude>
    <ClInclude Include="Headers\Materials\Dielectric.h">
      <Filter>Materials</Filter>
    </ClInclude>
    <ClInclude Include="Headers\Materials\Metal.h">
      <Filter>Materials</Filter>
    </ClInclude>
    <ClInclude Include="Headers\Utility\Stopwatch.h">
      <Filter>Utility</Filter>
    </ClInclude>
    <ClInclude Include="Headers\Utility\Utility.h">
      <Filter>Utility</Filter>
    </ClInclude>
    <ClInclude Include="Headers\Shapes\Sphere.h">
      <Filter>Shapes</Filter>
    </ClInclude>
    <ClInclude Include="Headers\Math\Vector3.h">
      <Filter>Math</Filter>
    </ClInclude>
    <ClInclude Include="Headers\Renderer\AABB.h">
      <Filter>Renderer</Filter>
    </ClInclude>
    <ClInclude Include="Headers\Renderer\BVHNode.h">
      <Filter>Renderer</Filter>
    </ClInclude>
    <ClInclude Include="Headers\Scenes.h">
      <Filter>Header Files</Filter>
    </ClInclude>
    <ClInclude Include="Headers\Textures\Texture.h">
      <Filter>Textures</Filter>
    </ClInclude>
    <ClInclude Include="Headers\Textures\CheckerTexture.h">
      <Filter>Textures</Filter>
    </ClInclude>
    <ClInclude Include="Headers\ImageIO.h">
      <Filter>Header Files</Filter>
    </ClInclude>
    <ClInclude Include="Headers\Textures\ImageTexture.h">
      <Filter>Textures</Filter>
    </ClInclude>
    <ClInclude Include="Headers\Shapes\AARects.h">
      <Filter>Shapes</Filter>
    </ClInclude>
    <ClInclude Include="Headers\Materials\Skybox.h">
      <Filter>Materials</Filter>
    </ClInclude>
    <ClInclude Include="Headers\Materials\DiffuseLight.h">
      <Filter>Materials</Filter>
    </ClInclude>
    <ClInclude Include="Headers\Shapes\Box.h">
      <Filter>Shapes</Filter>
    </ClInclude>
    <ClInclude Include="Headers\Shapes\Translate.h">
      <Filter>Shapes</Filter>
    </ClInclude>
    <ClInclude Include="Headers\Shapes\Rotations.h">
      <Filter>Shapes</Filter>
    </ClInclude>
  </ItemGroup>
  <ItemGroup>
    <None Include="README.md" />
  </ItemGroup>
</Project>